// !$*UTF8*$!
{
	archiveVersion = 1;
	classes = {
	};
	objectVersion = 56;
	objects = {

/* Begin PBXBuildFile section */
		1A0001001F0001001F000100 /* EmployeeTrackerApp.swift in Sources */ = {isa = PBXBuildFile; fileRef = 1A0000FF1F0001001F000100 /* EmployeeTrackerApp.swift */; };
		1A0001021F0001001F000100 /* ContentView.swift in Sources */ = {isa = PBXBuildFile; fileRef = 1A0001011F0001001F000100 /* ContentView.swift */; };
		1A0001041F0001001F000100 /* Assets.xcassets in Resources */ = {isa = PBXBuildFile; fileRef = 1A0001031F0001001F000100 /* Assets.xcassets */; };
		1A0001071F0001001F000100 /* Preview Assets.xcassets in Resources */ = {isa = PBXBuildFile; fileRef = 1A0001061F0001001F000100 /* Preview Assets.xcassets */; };
		1A0001101F0001001F000100 /* APIService.swift in Sources */ = {isa = PBXBuildFile; fileRef = 1A00010F1F0001001F000100 /* APIService.swift */; };
		1A0001121F0001001F000100 /* Models.swift in Sources */ = {isa = PBXBuildFile; fileRef = 1A0001111F0001001F000100 /* Models.swift */; };
		1A0001141F0001001F000100 /* AuthenticationView.swift in Sources */ = {isa = PBXBuildFile; fileRef = 1A0001131F0001001F000100 /* AuthenticationView.swift */; };
		1A0001161F0001001F000100 /* EmployeeListView.swift in Sources */ = {isa = PBXBuildFile; fileRef = 1A0001151F0001001F000100 /* EmployeeListView.swift */; };
		1A0001181F0001001F000100 /* TimeTrackingView.swift in Sources */ = {isa = PBXBuildFile; fileRef = 1A0001171F0001001F000100 /* TimeTrackingView.swift */; };
		1A00011A1F0001001F000100 /* AnalyticsView.swift in Sources */ = {isa = PBXBuildFile; fileRef = 1A0001191F0001001F000100 /* AnalyticsView.swift */; };
		1A00011C1F0001001F000100 /* SettingsView.swift in Sources */ = {isa = PBXBuildFile; fileRef = 1A00011B1F0001001F000100 /* SettingsView.swift */; };
		1A00011E1F0001001F000100 /* AuthenticationViewModel.swift in Sources */ = {isa = PBXBuildFile; fileRef = 1A00011D1F0001001F000100 /* AuthenticationViewModel.swift */; };
		1A0001201F0001001F000100 /* EmployeeViewModel.swift in Sources */ = {isa = PBXBuildFile; fileRef = 1A00011F1F0001001F000100 /* EmployeeViewModel.swift */; };
		1A0001221F0001001F000100 /* TimeTrackingViewModel.swift in Sources */ = {isa = PBXBuildFile; fileRef = 1A0001211F0001001F000100 /* TimeTrackingViewModel.swift */; };
		1A0001241F0001001F000100 /* AnalyticsViewModel.swift in Sources */ = {isa = PBXBuildFile; fileRef = 1A0001231F0001001F000100 /* AnalyticsViewModel.swift */; };
		1A0001261F0001001F000100 /* DataStore.swift in Sources */ = {isa = PBXBuildFile; fileRef = 1A0001251F0001001F000100 /* DataStore.swift */; };
/* End PBXBuildFile section */

/* Begin PBXFileReference section */
		1A0000FC1F0001001F000100 /* EmployeeTracker.app */ = {isa = PBXFileReference; explicitFileType = wrapper.application; includeInIndex = 0; path = EmployeeTracker.app; sourceTree = BUILT_PRODUCTS_DIR; };
		1A0000FF1F0001001F000100 /* EmployeeTrackerApp.swift */ = {isa = PBXFileReference; lastKnownFileType = sourcecode.swift; path = EmployeeTrackerApp.swift; sourceTree = "<group>"; };
		1A0001011F0001001F000100 /* ContentView.swift */ = {isa = PBXFileReference; lastKnownFileType = sourcecode.swift; path = ContentView.swift; sourceTree = "<group>"; };
		1A0001031F0001001F000100 /* Assets.xcassets */ = {isa = PBXFileReference; lastKnownFileType = folder.assetcatalog; path = Assets.xcassets; sourceTree = "<group>"; };
		1A0001061F0001001F000100 /* Preview Assets.xcassets */ = {isa = PBXFileReference; lastKnownFileType = folder.assetcatalog; path = "Preview Assets.xcassets"; sourceTree = "<group>"; };
		1A00010F1F0001001F000100 /* APIService.swift */ = {isa = PBXFileReference; lastKnownFileType = sourcecode.swift; path = APIService.swift; sourceTree = "<group>"; };
		1A0001111F0001001F000100 /* Models.swift */ = {isa = PBXFileReference; lastKnownFileType = sourcecode.swift; path = Models.swift; sourceTree = "<group>"; };
		1A0001131F0001001F000100 /* AuthenticationView.swift */ = {isa = PBXFileReference; lastKnownFileType = sourcecode.swift; path = AuthenticationView.swift; sourceTree = "<group>"; };
		1A0001151F0001001F000100 /* EmployeeListView.swift */ = {isa = PBXFileReference; lastKnownFileType = sourcecode.swift; path = EmployeeListView.swift; sourceTree = "<group>"; };
		1A0001171F0001001F000100 /* TimeTrackingView.swift */ = {isa = PBXFileReference; lastKnownFileType = sourcecode.swift; path = TimeTrackingView.swift; sourceTree = "<group>"; };
		1A0001191F0001001F000100 /* AnalyticsView.swift */ = {isa = PBXFileReference; lastKnownFileType = sourcecode.swift; path = AnalyticsView.swift; sourceTree = "<group>"; };
		1A00011B1F0001001F000100 /* SettingsView.swift */ = {isa = PBXFileReference; lastKnownFileType = sourcecode.swift; path = SettingsView.swift; sourceTree = "<group>"; };
		1A00011D1F0001001F000100 /* AuthenticationViewModel.swift */ = {isa = PBXFileReference; lastKnownFileType = sourcecode.swift; path = AuthenticationViewModel.swift; sourceTree = "<group>"; };
		1A00011F1F0001001F000100 /* EmployeeViewModel.swift */ = {isa = PBXFileReference; lastKnownFileType = sourcecode.swift; path = EmployeeViewModel.swift; sourceTree = "<group>"; };
		1A0001211F0001001F000100 /* TimeTrackingViewModel.swift */ = {isa = PBXFileReference; lastKnownFileType = sourcecode.swift; path = TimeTrackingViewModel.swift; sourceTree = "<group>"; };
		1A0001231F0001001F000100 /* AnalyticsViewModel.swift */ = {isa = PBXFileReference; lastKnownFileType = sourcecode.swift; path = AnalyticsViewModel.swift; sourceTree = "<group>"; };
		1A0001251F0001001F000100 /* DataStore.swift */ = {isa = PBXFileReference; lastKnownFileType = sourcecode.swift; path = DataStore.swift; sourceTree = "<group>"; };
/* End PBXFileReference section */

/* Begin PBXFrameworksBuildPhase section */
		1A0000F91F0001001F000100 /* Frameworks */ = {
			isa = PBXFrameworksBuildPhase;
			buildActionMask = 2147483647;
			files = (
			);
			runOnlyForDeploymentPostprocessing = 0;
		};
/* End PBXFrameworksBuildPhase section */

/* Begin PBXGroup section */
		1A0000F31F0001001F000100 = {
			isa = PBXGroup;
			children = (
				1A0000FE1F0001001F000100 /* EmployeeTracker */,
				1A0000FD1F0001001F000100 /* Products */,
			);
			sourceTree = "<group>";
		};
		1A0000FD1F0001001F000100 /* Products */ = {
			isa = PBXGroup;
			children = (
				1A0000FC1F0001001F000100 /* EmployeeTracker.app */,
			);
			name = Products;
			sourceTree = "<group>";
		};
		1A0000FE1F0001001F000100 /* EmployeeTracker */ = {
			isa = PBXGroup;
			children = (
				1A00010E1F0001001F000100 /* Services */,
				1A00010D1F0001001F000100 /* Models */,
				1A00010C1F0001001F000100 /* Views */,
				1A00010B1F0001001F000100 /* ViewModels */,
				1A0000FF1F0001001F000100 /* EmployeeTrackerApp.swift */,
				1A0001011F0001001F000100 /* ContentView.swift */,
				1A0001031F0001001F000100 /* Assets.xcassets */,
				1A0001051F0001001F000100 /* Preview Content */,
			);
			path = EmployeeTracker;
			sourceTree = "<group>";
		};
		1A0001051F0001001F000100 /* Preview Content */ = {
			isa = PBXGroup;
			children = (
				1A0001061F0001001F000100 /* Preview Assets.xcassets */,
			);
			path = "Preview Content";
			sourceTree = "<group>";
		};
		1A00010B1F0001001F000100 /* ViewModels */ = {
			isa = PBXGroup;
			children = (
				1A00011D1F0001001F000100 /* AuthenticationViewModel.swift */,
				1A00011F1F0001001F000100 /* EmployeeViewModel.swift */,
				1A0001211F0001001F000100 /* TimeTrackingViewModel.swift */,
				1A0001231F0001001F000100 /* AnalyticsViewModel.swift */,
			);
			path = ViewModels;
			sourceTree = "<group>";
		};
		1A00010C1F0001001F000100 /* Views */ = {
			isa = PBXGroup;
			children = (
				1A0001131F0001001F000100 /* AuthenticationView.swift */,
				1A0001151F0001001F000100 /* EmployeeListView.swift */,
				1A0001171F0001001F000100 /* TimeTrackingView.swift */,
				1A0001191F0001001F000100 /* AnalyticsView.swift */,
				1A00011B1F0001001F000100 /* SettingsView.swift */,
			);
			path = Views;
			sourceTree = "<group>";
		};
		1A00010D1F0001001F000100 /* Models */ = {
			isa = PBXGroup;
			children = (
				1A0001111F0001001F000100 /* Models.swift */,
			);
			path = Models;
			sourceTree = "<group>";
		};
		1A00010E1F0001001F000100 /* Services */ = {
			isa = PBXGroup;
			children = (
				1A00010F1F0001001F000100 /* APIService.swift */,
				1A0001251F0001001F000100 /* DataStore.swift */,
			);
			path = Services;
			sourceTree = "<group>";
		};
/* End PBXGroup section */

/* Begin PBXNativeTarget section */
		1A0000FB1F0001001F000100 /* EmployeeTracker */ = {
			isa = PBXNativeTarget;
			buildConfigurationList = 1A00010A1F0001001F000100 /* Build configuration list for PBXNativeTarget "EmployeeTracker" */;
			buildPhases = (
				1A0000F81F0001001F000100 /* Sources */,
				1A0000F91F0001001F000100 /* Frameworks */,
				1A0000FA1F0001001F000100 /* Resources */,
			);
			buildRules = (
			);
			dependencies = (
			);
			name = EmployeeTracker;
			productName = EmployeeTracker;
			productReference = 1A0000FC1F0001001F000100 /* EmployeeTracker.app */;
			productType = "com.apple.product-type.application";
		};
/* End PBXNativeTarget section */

/* Begin PBXProject section */
		1A0000F41F0001001F000100 /* Project object */ = {
			isa = PBXProject;
			attributes = {
				BuildIndependentTargetsInParallel = 1;
				LastSwiftUpdateCheck = 1500;
				LastUpgradeCheck = 1500;
				TargetAttributes = {
					1A0000FB1F0001001F000100 = {
						CreatedOnToolsVersion = 15.0;
					};
				};
			};
			buildConfigurationList = 1A0000F71F0001001F000100 /* Build configuration list for PBXProject "EmployeeTracker" */;
			compatibilityVersion = "Xcode 14.0";
			developmentRegion = en;
			hasScannedForEncodings = 0;
			knownRegions = (
				en,
				Base,
			);
			mainGroup = 1A0000F31F0001001F000100;
			productRefGroup = 1A0000FD1F0001001F000100 /* Products */;
			projectDirPath = "";
			projectRoot = "";
			targets = (
				1A0000FB1F0001001F000100 /* EmployeeTracker */,
			);
		};
/* End PBXProject section */

/* Begin PBXResourcesBuildPhase section */
		1A0000FA1F0001001F000100 /* Resources */ = {
			isa = PBXResourcesBuildPhase;
			buildActionMask = 2147483647;
			files = (
				1A0001071F0001001F000100 /* Preview Assets.xcassets in Resources */,
				1A0001041F0001001F000100 /* Assets.xcassets in Resources */,
			);
			runOnlyForDeploymentPostprocessing = 0;
		};
/* End PBXResourcesBuildPhase section */

/* Begin PBXSourcesBuildPhase section */
		1A0000F81F0001001F000100 /* Sources */ = {
			isa = PBXSourcesBuildPhase;
			buildActionMask = 2147483647;
			files = (
				1A0001021F0001001F000100 /* ContentView.swift in Sources */,
				1A0001001F0001001F000100 /* EmployeeTrackerApp.swift in Sources */,
				1A0001101F0001001F000100 /* APIService.swift in Sources */,
				1A0001121F0001001F000100 /* Models.swift in Sources */,
				1A0001141F0001001F000100 /* AuthenticationView.swift in Sources */,
				1A0001161F0001001F000100 /* EmployeeListView.swift in Sources */,
				1A0001181F0001001F000100 /* TimeTrackingView.swift in Sources */,
				1A00011A1F0001001F000100 /* AnalyticsView.swift in Sources */,
				1A00011C1F0001001F000100 /* SettingsView.swift in Sources */,
				1A00011E1F0001001F000100 /* AuthenticationViewModel.swift in Sources */,
				1A0001201F0001001F000100 /* EmployeeViewModel.swift in Sources */,
				1A0001221F0001001F000100 /* TimeTrackingViewModel.swift in Sources */,
				1A0001241F0001001F000100 /* AnalyticsViewModel.swift in Sources */,
				1A0001261F0001001F000100 /* DataStore.swift in Sources */,
			);
			runOnlyForDeploymentPostprocessing = 0;
		};
/* End PBXSourcesBuildPhase section */

/* Begin XCBuildConfiguration section */
		1A0001081F0001001F000100 /* Debug */ = {
			isa = XCBuildConfiguration;
			buildSettings = {
				ALWAYS_SEARCH_USER_PATHS = NO;
				ASSETCATALOG_COMPILER_GENERATE_SWIFT_ASSET_SYMBOL_EXTENSIONS = YES;
				CLANG_ANALYZER_NONNULL = YES;
				CLANG_ANALYZER_NUMBER_OBJECT_CONVERSION = YES_AGGRESSIVE;
				CLANG_CXX_LANGUAGE_STANDARD = "gnu++20";
				CLANG_ENABLE_MODULES = YES;
				CLANG_ENABLE_OBJC_ARC = YES;
				CLANG_ENABLE_OBJC_WEAK = YES;
				CLANG_WARN_BLOCK_CAPTURE_AUTORELEASING = YES;
				CLANG_WARN_BOOL_CONVERSION = YES;
				CLANG_WARN_COMMA = YES;
				CLANG_WARN_CONSTANT_CONVERSION = YES;
				CLANG_WARN_DEPRECATED_OBJC_IMPLEMENTATIONS = YES;
				CLANG_WARN_DIRECT_OBJC_ISA_USAGE = YES_ERROR;
				CLANG_WARN_DOCUMENTATION_COMMENTS = YES;
				CLANG_WARN_EMPTY_BODY = YES;
				CLANG_WARN_ENUM_CONVERSION = YES;
				CLANG_WARN_INFINITE_RECURSION = YES;
				CLANG_WARN_INT_CONVERSION = YES;
				CLANG_WARN_NON_LITERAL_NULL_CONVERSION = YES;
				CLANG_WARN_OBJC_IMPLICIT_RETAIN_SELF = YES;
				CLANG_WARN_OBJC_LITERAL_CONVERSION = YES;
				CLANG_WARN_OBJC_ROOT_CLASS = YES_ERROR;
				CLANG_WARN_QUOTED_INCLUDE_IN_FRAMEWORK_HEADER = YES;
				CLANG_WARN_RANGE_LOOP_ANALYSIS = YES;
				CLANG_WARN_STRICT_PROTOTYPES = YES;
				CLANG_WARN_SUSPICIOUS_MOVE = YES;
				CLANG_WARN_UNGUARDED_AVAILABILITY = YES_AGGRESSIVE;
				CLANG_WARN_UNREACHABLE_CODE = YES;
				CLANG_WARN__DUPLICATE_METHOD_MATCH = YES;
				COPY_PHASE_STRIP = NO;
				DEBUG_INFORMATION_FORMAT = dwarf;
				ENABLE_STRICT_OBJC_MSGSEND = YES;
				ENABLE_TESTABILITY = YES;
				ENABLE_USER_SCRIPT_SANDBOXING = YES;
				GCC_C_LANGUAGE_STANDARD = gnu17;
				GCC_DYNAMIC_NO_PIC = NO;
				GCC_NO_COMMON_BLOCKS = YES;
				GCC_OPTIMIZATION_LEVEL = 0;
				GCC_PREPROCESSOR_DEFINITIONS = (
					"DEBUG=1",
					"$(inherited)",
				);
				GCC_WARN_64_TO_32_BIT_CONVERSION = YES;
				GCC_WARN_ABOUT_RETURN_TYPE = YES_ERROR;
				GCC_WARN_UNDECLARED_SELECTOR = YES;
				GCC_WARN_UNINITIALIZED_AUTOS = YES_AGGRESSIVE;
				GCC_WARN_UNUSED_FUNCTION = YES;
				GCC_WARN_UNUSED_VARIABLE = YES;
				IPHONEOS_DEPLOYMENT_TARGET = 17.0;
				LOCALIZATION_PREFERS_STRING_CATALOGS = YES;
				MTL_ENABLE_DEBUG_INFO = INCLUDE_SOURCE;
				MTL_FAST_MATH = YES;
				ONLY_ACTIVE_ARCH = YES;
				SDKROOT = iphoneos;
				SWIFT_ACTIVE_COMPILATION_CONDITIONS = "DEBUG $(inherited)";
				SWIFT_OPTIMIZATION_LEVEL = "-Onone";
			};
			name = Debug;
		};
		1A0001091F0001001F000100 /* Release */ = {
			isa = XCBuildConfiguration;
			buildSettings = {
				ALWAYS_SEARCH_USER_PATHS = NO;
				ASSETCATALOG_COMPILER_GENERATE_SWIFT_ASSET_SYMBOL_EXTENSIONS = YES;
				CLANG_ANALYZER_NONNULL = YES;
				CLANG_ANALYZER_NUMBER_OBJECT_CONVERSION = YES_AGGRESSIVE;
				CLANG_CXX_LANGUAGE_STANDARD = "gnu++20";
				CLANG_ENABLE_MODULES = YES;
				CLANG_ENABLE_OBJC_ARC = YES;
				CLANG_ENABLE_OBJC_WEAK = YES;
				CLANG_WARN_BLOCK_CAPTURE_AUTORELEASING = YES;
				CLANG_WARN_BOOL_CONVERSION = YES;
				CLANG_WARN_COMMA = YES;
				CLANG_WARN_CONSTANT_CONVERSION = YES;
				CLANG_WARN_DEPRECATED_OBJC_IMPLEMENTATIONS = YES;
				CLANG_WARN_DIRECT_OBJC_ISA_USAGE = YES_ERROR;
				CLANG_WARN_DOCUMENTATION_COMMENTS = YES;
				CLANG_WARN_EMPTY_BODY = YES;
				CLANG_WARN_ENUM_CONVERSION = YES;
				CLANG_WARN_INFINITE_RECURSION = YES;
				CLANG_WARN_INT_CONVERSION = YES;
				CLANG_WARN_NON_LITERAL_NULL_CONVERSION = YES;
				CLANG_WARN_OBJC_IMPLICIT_RETAIN_SELF = YES;
				CLANG_WARN_OBJC_LITERAL_CONVERSION = YES;
				CLANG_WARN_OBJC_ROOT_CLASS = YES_ERROR;
				CLANG_WARN_QUOTED_INCLUDE_IN_FRAMEWORK_HEADER = YES;
				CLANG_WARN_RANGE_LOOP_ANALYSIS = YES;
				CLANG_WARN_STRICT_PROTOTYPES = YES;
				CLANG_WARN_SUSPICIOUS_MOVE = YES;
				CLANG_WARN_UNGUARDED_AVAILABILITY = YES_AGGRESSIVE;
				CLANG_WARN_UNREACHABLE_CODE = YES;
				CLANG_WARN__DUPLICATE_METHOD_MATCH = YES;
				COPY_PHASE_STRIP = NO;
				DEBUG_INFORMATION_FORMAT = "dwarf-with-dsym";
				ENABLE_NS_ASSERTIONS = NO;
				ENABLE_STRICT_OBJC_MSGSEND = YES;
				ENABLE_USER_SCRIPT_SANDBOXING = YES;
				GCC_C_LANGUAGE_STANDARD = gnu17;
				GCC_NO_COMMON_BLOCKS = YES;
				GCC_WARN_64_TO_32_BIT_CONVERSION = YES;
				GCC_WARN_ABOUT_RETURN_TYPE = YES_ERROR;
				GCC_WARN_UNDECLARED_SELECTOR = YES;
				GCC_WARN_UNINITIALIZED_AUTOS = YES_AGGRESSIVE;
				GCC_WARN_UNUSED_FUNCTION = YES;
				GCC_WARN_UNUSED_VARIABLE = YES;
				IPHONEOS_DEPLOYMENT_TARGET = 17.0;
				LOCALIZATION_PREFERS_STRING_CATALOGS = YES;
				MTL_ENABLE_DEBUG_INFO = NO;
				MTL_FAST_MATH = YES;
				SDKROOT = iphoneos;
				SWIFT_COMPILATION_MODE = wholemodule;
				VALIDATE_PRODUCT = YES;
			};
			name = Release;
		};
		1A00010A1F0001001F000100 /* Build configuration list for PBXNativeTarget "EmployeeTracker" */ = {
			isa = XCBuildConfiguration;
			buildSettings = {
				ASSETCATALOG_COMPILER_APPICON_NAME = AppIcon;
				ASSETCATALOG_COMPILER_GLOBAL_ACCENT_COLOR = AccentColor;
				CODE_SIGN_STYLE = Automatic;
				CURRENT_PROJECT_VERSION = 1;
				DEVELOPMENT_ASSET_PATHS = "\"EmployeeTracker/Preview Content\"";
				ENABLE_PREVIEWS = YES;
				GENERATE_INFOPLIST_FILE = YES;
				INFOPLIST_KEY_UIApplicationSceneManifest_Generation = YES;
				INFOPLIST_KEY_UIApplicationSupportsIndirectInputEvents = YES;
				INFOPLIST_KEY_UILaunchScreen_Generation = YES;
				INFOPLIST_KEY_UISupportedInterfaceOrientations_iPad = "UIInterfaceOrientationPortrait UIInterfaceOrientationPortraitUpsideDown UIInterfaceOrientationLandscapeLeft UIInterfaceOrientationLandscapeRight";
				INFOPLIST_KEY_UISupportedInterfaceOrientations_iPhone = "UIInterfaceOrientationPortrait UIInterfaceOrientationLandscapeLeft UIInterfaceOrientationLandscapeRight";
				IPHONEOS_DEPLOYMENT_TARGET = 17.0;
				LD_RUNPATH_SEARCH_PATHS = (
					"$(inherited)",
					"@executable_path/Frameworks",
				);
				MARKETING_VERSION = 1.0;
				PRODUCT_BUNDLE_IDENTIFIER = com.employeetracker.ios;
				PRODUCT_NAME = "$(TARGET_NAME)";
				SWIFT_EMIT_LOC_STRINGS = YES;
				SWIFT_VERSION = 5.0;
				TARGETED_DEVICE_FAMILY = "1,2";
			};
			name = Debug;
		};
		1A00010B1F0001001F000100 /* Build configuration list for PBXNativeTarget "EmployeeTracker" */ = {
			isa = XCBuildConfiguration;
			buildSettings = {
				ASSETCATALOG_COMPILER_APPICON_NAME = AppIcon;
				ASSETCATALOG_COMPILER_GLOBAL_ACCENT_COLOR = AccentColor;
				CODE_SIGN_STYLE = Automatic;
				CURRENT_PROJECT_VERSION = 1;
				DEVELOPMENT_ASSET_PATHS = "\"EmployeeTracker/Preview Content\"";
				ENABLE_PREVIEWS = YES;
				GENERATE_INFOPLIST_FILE = YES;
				INFOPLIST_KEY_UIApplicationSceneManifest_Generation = YES;
				INFOPLIST_KEY_UIApplicationSupportsIndirectInputEvents = YES;
				INFOPLIST_KEY_UILaunchScreen_Generation = YES;
				INFOPLIST_KEY_UISupportedInterfaceOrientations_iPad = "UIInterfaceOrientationPortrait UIInterfaceOrientationPortraitUpsideDown UIInterfaceOrientationLandscapeLeft UIInterfaceOrientationLandscapeRight";
				INFOPLIST_KEY_UISupportedInterfaceOrientations_iPhone = "UIInterfaceOrientationPortrait UIInterfaceOrientationLandscapeLeft UIInterfaceOrientationLandscapeRight";
				IPHONEOS_DEPLOYMENT_TARGET = 17.0;
				LD_RUNPATH_SEARCH_PATHS = (
					"$(inherited)",
					"@executable_path/Frameworks",
				);
				MARKETING_VERSION = 1.0;
				PRODUCT_BUNDLE_IDENTIFIER = com.employeetracker.ios;
				PRODUCT_NAME = "$(TARGET_NAME)";
				SWIFT_EMIT_LOC_STRINGS = YES;
				SWIFT_VERSION = 5.0;
				TARGETED_DEVICE_FAMILY = "1,2";
			};
			name = Release;
		};
/* End XCBuildConfiguration section */

/* Begin XCConfigurationList section */
		1A0000F71F0001001F000100 /* Build configuration list for PBXProject "EmployeeTracker" */ = {
			isa = XCConfigurationList;
			buildConfigurations = (
				1A0001081F0001001F000100 /* Debug */,
				1A0001091F0001001F000100 /* Release */,
			);
			defaultConfigurationIsVisible = 0;
			defaultConfigurationName = Release;
		};
		1A00010A1F0001001F000100 /* Build configuration list for PBXNativeTarget "EmployeeTracker" */ = {
			isa = XCConfigurationList;
			buildConfigurations = (
				1A00010A1F0001001F000100 /* Debug */,
				1A00010B1F0001001F000100 /* Release */,
			);
			defaultConfigurationIsVisible = 0;
			defaultConfigurationName = Release;
		};
/* End XCConfigurationList section */
	};
	rootObject = 1A0000F41F0001001F000100 /* Project object */;
}